# THIS IS AN AUTOGENERATED FILE. DO NOT EDIT THIS FILE DIRECTLY.
# yarn lockfile v1


asynckit@^0.4.0:
  version "0.4.0"
  resolved "https://registry.yarnpkg.com/asynckit/-/asynckit-0.4.0.tgz#c79ed97f7f34cb8f2ba1bc9790bcc366474b4b79"
  integrity sha1-x57Zf380y48robyXkLzDZkdLS3k=

axios@^0.21.4:
  version "0.21.4"
  resolved "https://registry.yarnpkg.com/axios/-/axios-0.21.4.tgz#c67b90dc0568e5c1cf2b0b858c43ba28e2eda575"
  integrity sha512-ut5vewkiu8jjGBdqpM44XxjuCjq9LAKeHVmoVfHVzy8eHgxxq8SbAVQNovDA8mVi05kP0Ea/n/UzcSHcTJQfNg==
  dependencies:
    follow-redirects "^1.14.0"

combined-stream@^1.0.8:
  version "1.0.8"
  resolved "https://registry.yarnpkg.com/combined-stream/-/combined-stream-1.0.8.tgz#c3d45a8b34fd730631a110a8a2520682b31d5a7f"
  integrity sha512-FQN4MRfuJeHf7cBbBMJFXhKSDq+2kAArBlmRBvcvFE5BB1HZKXtSFASDhdlz9zOYwxh8lDdnvmMOe/+5cdoEdg==
  dependencies:
    delayed-stream "~1.0.0"

debug@^4.0.1:
  version "4.3.2"
  resolved "https://registry.yarnpkg.com/debug/-/debug-4.3.2.tgz#f0a49c18ac8779e31d4a0c6029dfb76873c7428b"
  integrity sha512-mOp8wKcvj7XxC78zLgw/ZA+6TSgkoE2C/ienthhRD298T7UNwAg9diBpLRxC0mOezLl4B0xV7M0cCO6P/O0Xhw==
  dependencies:
    ms "2.1.2"

delayed-stream@~1.0.0:
  version "1.0.0"
  resolved "https://registry.yarnpkg.com/delayed-stream/-/delayed-stream-1.0.0.tgz#df3ae199acadfb7d440aaae0b29e2272b24ec619"
  integrity sha1-3zrhmayt+31ECqrgsp4icrJOxhk=

eventemitter3@^4.0.7:
  version "4.0.7"
  resolved "https://registry.yarnpkg.com/eventemitter3/-/eventemitter3-4.0.7.tgz#2de9b68f6528d5644ef5c59526a1b4a07306169f"
  integrity sha512-8guHBZCwKnFhYdHr2ysuRWErTwhoN2X8XELRlrRwpmfeY2jjuUN4taQMsULKUVo1K4DvZl+0pgfyoysHxvmvEw==

exponential-backoff@^3.1.0:
  version "3.1.0"
  resolved "https://registry.yarnpkg.com/exponential-backoff/-/exponential-backoff-3.1.0.tgz#9409c7e579131f8bd4b32d7d8094a911040f2e68"
  integrity sha512-oBuz5SYz5zzyuHINoe9ooePwSu0xApKWgeNzok4hZ5YKXFh9zrQBEM15CXqoZkJJPuI2ArvqjPQd8UKJA753XA==

follow-redirects@^1.14.0:
  version "1.14.5"
  resolved "https://registry.yarnpkg.com/follow-redirects/-/follow-redirects-1.14.5.tgz#f09a5848981d3c772b5392309778523f8d85c381"
  integrity sha512-wtphSXy7d4/OR+MvIFbCVBDzZ5520qV8XfPklSN5QtxuMUJZ+b0Wnst1e1lCDocfzuCkHqj8k0FpZqO+UIaKNA==

form-data@^4.0.0:
  version "4.0.0"
  resolved "https://registry.yarnpkg.com/form-data/-/form-data-4.0.0.tgz#93919daeaf361ee529584b9b31664dc12c9fa452"
  integrity sha512-ETEklSGi5t0QMZuiXoA/Q6vcnxcLQP5vdugSpuAyi6SVGi2clPPp+xgEhuMaHC+zGgn31Kd235W35f7Hykkaww==
  dependencies:
    asynckit "^0.4.0"
    combined-stream "^1.0.8"
    mime-types "^2.1.12"

isomorphic-ws@^4.0.1:
  version "4.0.1"
  resolved "https://registry.yarnpkg.com/isomorphic-ws/-/isomorphic-ws-4.0.1.tgz#55fd4cd6c5e6491e76dc125938dd863f5cd4f2dc"
  integrity sha512-BhBvN2MBpWTaSHdWRb/bwdZJ1WaehQ2L1KngkCkfLUGF0mAWAT1sQUQacEmQ0jXkFw/czDXPNQSL5u2/Krsz1w==

lodash.defaultsdeep@^4.6.1:
  version "4.6.1"
  resolved "https://registry.yarnpkg.com/lodash.defaultsdeep/-/lodash.defaultsdeep-4.6.1.tgz#512e9bd721d272d94e3d3a63653fa17516741ca6"
  integrity sha512-3j8wdDzYuWO3lM3Reg03MuQR957t287Rpcxp1njpEa8oDrikb+FwGdW3n+FELh/A6qib6yPit0j/pv9G/yeAqA==

lodash.isequal@^4.5.0:
  version "4.5.0"
  resolved "https://registry.yarnpkg.com/lodash.isequal/-/lodash.isequal-4.5.0.tgz#415c4478f2bcc30120c22ce10ed3226f7d3e18e0"
  integrity sha1-QVxEePK8wwEgwizhDtMib30+GOA=

mime-db@1.50.0:
  version "1.50.0"
  resolved "https://registry.yarnpkg.com/mime-db/-/mime-db-1.50.0.tgz#abd4ac94e98d3c0e185016c67ab45d5fde40c11f"
  integrity sha512-9tMZCDlYHqeERXEHO9f/hKfNXhre5dK2eE/krIvUjZbS2KPcqGDfNShIWS1uW9XOTKQKqK6qbeOci18rbfW77A==

mime-types@^2.1.12, mime-types@^2.1.33:
  version "2.1.33"
  resolved "https://registry.yarnpkg.com/mime-types/-/mime-types-2.1.33.tgz#1fa12a904472fafd068e48d9e8401f74d3f70edb"
  integrity sha512-plLElXp7pRDd0bNZHw+nMd52vRYjLwQjygaNg7ddJ2uJtTlmnTCjWuPKxVu6//AdaRuME84SvLW91sIkBqGT0g==
  dependencies:
    mime-db "1.50.0"

minimist@^1.2.0:
  version "1.2.5"
  resolved "https://registry.yarnpkg.com/minimist/-/minimist-1.2.5.tgz#67d66014b66a6a8aaa0c083c5fd58df4e4e97602"
  integrity sha512-FM9nNUYrRBAELZQT3xeZQ7fmMOBg6nWNmJKTcgsJeaLstP/UODVpGsr5OhXhhXg6f+qtJ8uiZ+PUxkDWcgIXLw==

mobx@^6.3.2:
  version "6.3.5"
  resolved "https://registry.yarnpkg.com/mobx/-/mobx-6.3.5.tgz#4464565bf2fa0f74f5dc2e4d6a9713bcee0ddf9c"
  integrity sha512-MeDfqtiSbhVoJgXqQsrJwvq2klj7Xk9pPdMThCdFiwFt33vgWJe82ATppPwVzQoz0AI3QpSSwQzcp3TBDK4syg==

module-alias@^2.2.2:
  version "2.2.2"
  resolved "https://registry.yarnpkg.com/module-alias/-/module-alias-2.2.2.tgz#151cdcecc24e25739ff0aa6e51e1c5716974c0e0"
  integrity sha512-A/78XjoX2EmNvppVWEhM2oGk3x4lLxnkEA4jTbaK97QKSDjkIoOsKQlfylt/d3kKKi596Qy3NP5XrXJ6fZIC9Q==

ms@2.1.2:
  version "2.1.2"
  resolved "https://registry.yarnpkg.com/ms/-/ms-2.1.2.tgz#d09d1f357b443f493382a8eb3ccd183872ae6009"
  integrity sha512-sGkPx+VjMtmA6MX27oA4FBFELFCZZ4S4XqeGOXCv68tT+jb3vk/RyaKWP0PTKyWtmLSM0b+adUTEvbs1PEaH2w==

node-fetch@2.6.6, node-fetch@^2.2.0:
  version "2.6.6"
  resolved "https://registry.yarnpkg.com/node-fetch/-/node-fetch-2.6.6.tgz#1751a7c01834e8e1697758732e9efb6eeadfaf89"
  integrity sha512-Z8/6vRlTUChSdIgMa51jxQ4lrw/Jy5SOW10ObaA47/RElsAN2c5Pn8bTgFGWn/ibwzXTE8qwr1Yzx28vsecXEA==
  dependencies:
    whatwg-url "^5.0.0"

revolt.js@^5.1.0-alpha.6:
  version "5.1.0-alpha.6"
  resolved "https://registry.yarnpkg.com/revolt.js/-/revolt.js-5.1.0-alpha.6.tgz#bdd1c9f3bdd7e0f45e309a3e1fa5239138e1cb1a"
  integrity sha512-XqdP24tGc+En9M8ccWkk74z/v2DBtH7OboTbFQBQTjWIT4fLMP/ox+GLdDVWSF7Zg6M/xPrMbg4oL/nP+xqZHQ==
  dependencies:
    axios "^0.21.4"
    eventemitter3 "^4.0.7"
    exponential-backoff "^3.1.0"
    isomorphic-ws "^4.0.1"
    lodash.defaultsdeep "^4.6.1"
    lodash.isequal "^4.5.0"
    mobx "^6.3.2"
    ulid "^2.3.0"
    ws "^8.2.2"

sandwich-stream@^2.0.1:
  version "2.0.2"
  resolved "https://registry.yarnpkg.com/sandwich-stream/-/sandwich-stream-2.0.2.tgz#6d1feb6cf7e9fe9fadb41513459a72c2e84000fa"
  integrity sha512-jLYV0DORrzY3xaz/S9ydJL6Iz7essZeAfnAavsJ+zsJGZ1MOnsS52yRjU3uF3pJa/lla7+wisp//fxOwOH8SKQ==

telegraf@3.39.0:
  version "3.39.0"
  resolved "https://registry.yarnpkg.com/telegraf/-/telegraf-3.39.0.tgz#32a7ed464c80802fe3177619d2a9c53413487850"
  integrity sha512-6u5UyW2KpMS/hwC4DKLGlicK/rVSYCahPFgF14ioP6BzwcDwQlciHCB/oWguvxLJaYGrvY6crzLHfjupFTBPXw==
  dependencies:
    debug "^4.0.1"
    minimist "^1.2.0"
    module-alias "^2.2.2"
    node-fetch "^2.2.0"
    sandwich-stream "^2.0.1"
    typegram "^3.1.5"

tr46@~0.0.3:
  version "0.0.3"
  resolved "https://registry.yarnpkg.com/tr46/-/tr46-0.0.3.tgz#8184fd347dac9cdc185992f3a6622e14b9d9ab6a"
  integrity sha1-gYT9NH2snNwYWZLzpmIuFLnZq2o=

typegram@^3.1.5:
  version "3.4.3"
  resolved "https://registry.yarnpkg.com/typegram/-/typegram-3.4.3.tgz#a1e212beaf6b43079a3774457b40d6eab1a93acf"
  integrity sha512-pH0TQJzCWM2+7y6yiBoQVNt7PO9ZvAu/lQukVx4sm68FIBBZEBWI+2MzuMcdbwrD5mD5NrEMAyml9N6DupUZag==

ulid@^2.3.0:
  version "2.3.0"
  resolved "https://registry.yarnpkg.com/ulid/-/ulid-2.3.0.tgz#93063522771a9774121a84d126ecd3eb9804071f"
  integrity sha512-keqHubrlpvT6G2wH0OEfSW4mquYRcbe/J8NMmveoQOjUqmo+hXtO+ORCpWhdbZ7k72UtY61BL7haGxW6enBnjw==

webidl-conversions@^3.0.0:
  version "3.0.1"
  resolved "https://registry.yarnpkg.com/webidl-conversions/-/webidl-conversions-3.0.1.tgz#24534275e2a7bc6be7bc86611cc16ae0a5654871"
  integrity sha1-JFNCdeKnvGvnvIZhHMFq4KVlSHE=

whatwg-url@^5.0.0:
  version "5.0.0"
  resolved "https://registry.yarnpkg.com/whatwg-url/-/whatwg-url-5.0.0.tgz#966454e8765462e37644d3626f6742ce8b70965d"
  integrity sha1-lmRU6HZUYuN2RNNib2dCzotwll0=
  dependencies:
    tr46 "~0.0.3"
    webidl-conversions "^3.0.0"

ws@^8.2.2:
  version "8.2.3"
  resolved "https://registry.yarnpkg.com/ws/-/ws-8.2.3.tgz#63a56456db1b04367d0b721a0b80cae6d8becbba"
  integrity sha512-wBuoj1BDpC6ZQ1B7DWQBYVLphPWkm8i9Y0/3YdHjHKHiohOJ1ws+3OccDWtH+PoC9DZD5WOTrJvNbWvjS6JWaA==
